
Microsoft Visual Studio Solution File, Format Version 12.00
# Visual Studio Version 17
VisualStudioVersion = 17.14.37314.3 d17.14
MinimumVisualStudioVersion = 10.0.40219.1
Project("{FAE04EC0-301F-11D3-BF4B-00C04F79EFBC}") = "WinklerWall", "WinklerWall\WinklerWall.csproj", "{8A0268E5-9F26-4121-BA73-B055EEB3E47B}"
EndProject
Global
	GlobalSection(SolutionConfigurationPlatforms) = preSolution
		Debug|Any CPU = Debug|Any CPU
		Release|Any CPU = Release|Any CPU
	EndGlobalSection
	GlobalSection(ProjectConfigurationPlatforms) = postSolution
		{8A0268E5-9F26-4121-BA73-B055EEB3E47B}.Debug|Any CPU.ActiveCfg = Debug|Any CPU
		{8A0268E5-9F26-4121-BA73-B055EEB3E47B}.Debug|Any CPU.Build.0 = Debug|Any CPU
		{8A0268E5-9F26-4121-BA73-B055EEB3E47B}.Release|Any CPU.ActiveCfg = Release|Any CPU
		{8A0268E5-9F26-4121-BA73-B055EEB3E47B}.Release|Any CPU.Build.0 = Release|Any CPU
	EndGlobalSection
	GlobalSection(SolutionProperties) = preSolution
		HideSolutionNode = FALSE
	EndGlobalSection
	GlobalSection(ExtensibilityGlobals) = postSolution
		SolutionGuid = {00588B40-B803-4558-AEA5-F6B16EF7BF63}
	EndGlobalSection
EndGlobal
